
Microsoft Visual Studio Solution File, Format Version 12.00
# Visual Studio Version 17
VisualStudioVersion = 17.0.31903.59
MinimumVisualStudioVersion = 10.0.40219.1
Project("{FAE04EC0-301F-11D3-BF4B-00C04F79EFBC}") = "Defra.Cdp.Backend.Api", "Defra.Cdp.Backend.Api\Defra.Cdp.Backend.Api.csproj", "{6EBDFEF4-39B2-4433-A181-1CE1312083C2}"
EndProject
Project("{FAE04EC0-301F-11D3-BF4B-00C04F79EFBC}") = "Defra.Cdp.Backend.Api.Tests", "Defra.Cdp.Backend.Api.Tests\Defra.Cdp.Backend.Api.Tests.csproj", "{C53F0120-C7DC-4E9E-9202-46C51CAB61B0}"
EndProject
Project("{FAE04EC0-301F-11D3-BF4B-00C04F79EFBC}") = "Defra.Cdp.Backend.Api.IntegrationTests", "Defra.Cdp.Backend.Api.IntegrationTests\Defra.Cdp.Backend.Api.IntegrationTests.csproj", "{794B3C63-6B35-47CA-9149-83E61A20642E}"
EndProject
Global
	GlobalSection(SolutionConfigurationPlatforms) = preSolution
		Debug|Any CPU = Debug|Any CPU
		Release|Any CPU = Release|Any CPU
	EndGlobalSection
	GlobalSection(SolutionProperties) = preSolution
		HideSolutionNode = FALSE
	EndGlobalSection
	GlobalSection(ProjectConfigurationPlatforms) = postSolution
		{6EBDFEF4-39B2-4433-A181-1CE1312083C2}.Debug|Any CPU.ActiveCfg = Debug|Any CPU
		{6EBDFEF4-39B2-4433-A181-1CE1312083C2}.Debug|Any CPU.Build.0 = Debug|Any CPU
		{6EBDFEF4-39B2-4433-A181-1CE1312083C2}.Release|Any CPU.ActiveCfg = Release|Any CPU
		{6EBDFEF4-39B2-4433-A181-1CE1312083C2}.Release|Any CPU.Build.0 = Release|Any CPU
		{C53F0120-C7DC-4E9E-9202-46C51CAB61B0}.Debug|Any CPU.ActiveCfg = Debug|Any CPU
		{C53F0120-C7DC-4E9E-9202-46C51CAB61B0}.Debug|Any CPU.Build.0 = Debug|Any CPU
		{C53F0120-C7DC-4E9E-9202-46C51CAB61B0}.Release|Any CPU.ActiveCfg = Release|Any CPU
		{C53F0120-C7DC-4E9E-9202-46C51CAB61B0}.Release|Any CPU.Build.0 = Release|Any CPU
		{794B3C63-6B35-47CA-9149-83E61A20642E}.Debug|Any CPU.ActiveCfg = Debug|Any CPU
		{794B3C63-6B35-47CA-9149-83E61A20642E}.Debug|Any CPU.Build.0 = Debug|Any CPU
		{794B3C63-6B35-47CA-9149-83E61A20642E}.Release|Any CPU.ActiveCfg = Release|Any CPU
		{794B3C63-6B35-47CA-9149-83E61A20642E}.Release|Any CPU.Build.0 = Release|Any CPU
	EndGlobalSection
EndGlobal
